Microsoft Visual Studio Solution File, Format Version 11.00
# Visual Studio 2008

Project("{7A8FF580-60BA-7914-12C5-4657B6528356}") = "Surrounded_V23_Random", "Assembly-CSharp.csproj", "{6B576EA2-2B3C-15BE-A847-05BE0249D39B}"
EndProject
Project("{7A8FF580-60BA-7914-12C5-4657B6528356}") = "Surrounded_V23_Random", "Assembly-CSharp-Editor.csproj", "{6D21D817-6CEC-CF77-FE45-FCE2BC35F8A7}"
EndProject
Global
	GlobalSection(SolutionConfigurationPlatforms) = preSolution
		Debug|Any CPU = Debug|Any CPU
		Release|Any CPU = Release|Any CPU
	EndGlobalSection
	GlobalSection(ProjectConfigurationPlatforms) = postSolution
		{6B576EA2-2B3C-15BE-A847-05BE0249D39B}.Debug|Any CPU.ActiveCfg = Debug|Any CPU
		{6B576EA2-2B3C-15BE-A847-05BE0249D39B}.Debug|Any CPU.Build.0 = Debug|Any CPU
		{6B576EA2-2B3C-15BE-A847-05BE0249D39B}.Release|Any CPU.ActiveCfg = Release|Any CPU
		{6B576EA2-2B3C-15BE-A847-05BE0249D39B}.Release|Any CPU.Build.0 = Release|Any CPU
		{6D21D817-6CEC-CF77-FE45-FCE2BC35F8A7}.Debug|Any CPU.ActiveCfg = Debug|Any CPU
		{6D21D817-6CEC-CF77-FE45-FCE2BC35F8A7}.Debug|Any CPU.Build.0 = Debug|Any CPU
		{6D21D817-6CEC-CF77-FE45-FCE2BC35F8A7}.Release|Any CPU.ActiveCfg = Release|Any CPU
		{6D21D817-6CEC-CF77-FE45-FCE2BC35F8A7}.Release|Any CPU.Build.0 = Release|Any CPU
	EndGlobalSection
	GlobalSection(SolutionProperties) = preSolution
		HideSolutionNode = FALSE
	EndGlobalSection
	GlobalSection(MonoDevelopProperties) = preSolution
		StartupItem = Assembly-CSharp.csproj
	EndGlobalSection
EndGlobal
