Microsoft Visual Studio Solution File, Format Version 11.00
# Visual Studio 2008

Project("{DE71CCC8-ABEA-FDA1-7236-DFD365C205CD}") = "Surrounded_V22_Random", "Assembly-CSharp.csproj", "{77258EA4-6742-9896-3C44-0514ABD51F6F}"
EndProject
Project("{DE71CCC8-ABEA-FDA1-7236-DFD365C205CD}") = "Surrounded_V22_Random", "Assembly-CSharp-Editor.csproj", "{D0D4FFD6-2CB5-2CB4-FC93-8F7DA1F0FE1F}"
EndProject
Global
	GlobalSection(SolutionConfigurationPlatforms) = preSolution
		Debug|Any CPU = Debug|Any CPU
		Release|Any CPU = Release|Any CPU
	EndGlobalSection
	GlobalSection(ProjectConfigurationPlatforms) = postSolution
		{77258EA4-6742-9896-3C44-0514ABD51F6F}.Debug|Any CPU.ActiveCfg = Debug|Any CPU
		{77258EA4-6742-9896-3C44-0514ABD51F6F}.Debug|Any CPU.Build.0 = Debug|Any CPU
		{77258EA4-6742-9896-3C44-0514ABD51F6F}.Release|Any CPU.ActiveCfg = Release|Any CPU
		{77258EA4-6742-9896-3C44-0514ABD51F6F}.Release|Any CPU.Build.0 = Release|Any CPU
		{D0D4FFD6-2CB5-2CB4-FC93-8F7DA1F0FE1F}.Debug|Any CPU.ActiveCfg = Debug|Any CPU
		{D0D4FFD6-2CB5-2CB4-FC93-8F7DA1F0FE1F}.Debug|Any CPU.Build.0 = Debug|Any CPU
		{D0D4FFD6-2CB5-2CB4-FC93-8F7DA1F0FE1F}.Release|Any CPU.ActiveCfg = Release|Any CPU
		{D0D4FFD6-2CB5-2CB4-FC93-8F7DA1F0FE1F}.Release|Any CPU.Build.0 = Release|Any CPU
	EndGlobalSection
	GlobalSection(SolutionProperties) = preSolution
		HideSolutionNode = FALSE
	EndGlobalSection
	GlobalSection(MonoDevelopProperties) = preSolution
		StartupItem = Assembly-CSharp.csproj
	EndGlobalSection
EndGlobal
